
Microsoft Visual Studio Solution File, Format Version 12.00
# Visual Studio Version 17
VisualStudioVersion = 17.5.002.0
MinimumVisualStudioVersion = 10.0.40219.1
Project("{9A19103F-16F7-4668-BE54-9A1E7A4F7556}") = "server", "server\server.csproj", "{8D5625D7-2E45-46D0-A521-94F03AFED541}"
EndProject
Global
	GlobalSection(SolutionConfigurationPlatforms) = preSolution
		Debug|Any CPU = Debug|Any CPU
		Release|Any CPU = Release|Any CPU
	EndGlobalSection
	GlobalSection(ProjectConfigurationPlatforms) = postSolution
		{8D5625D7-2E45-46D0-A521-94F03AFED541}.Debug|Any CPU.ActiveCfg = Debug|Any CPU
		{8D5625D7-2E45-46D0-A521-94F03AFED541}.Debug|Any CPU.Build.0 = Debug|Any CPU
		{8D5625D7-2E45-46D0-A521-94F03AFED541}.Release|Any CPU.ActiveCfg = Release|Any CPU
		{8D5625D7-2E45-46D0-A521-94F03AFED541}.Release|Any CPU.Build.0 = Release|Any CPU
	EndGlobalSection
	GlobalSection(SolutionProperties) = preSolution
		HideSolutionNode = FALSE
	EndGlobalSection
	GlobalSection(ExtensibilityGlobals) = postSolution
		SolutionGuid = {F3F573BC-64D4-4D12-96CB-836EAE52F67A}
	EndGlobalSection
EndGlobal
